// !$*UTF8*$!
{
	archiveVersion = 1;
	classes = {
	};
	objectVersion = 50;
	objects = {

/* Begin PBXBuildFile section */
		27BB995720C53577008252F1 /* AppDelegate.swift in Sources */ = {isa = PBXBuildFile; fileRef = 27BB995620C53577008252F1 /* AppDelegate.swift */; };
		27BB995920C53577008252F1 /* ViewController.swift in Sources */ = {isa = PBXBuildFile; fileRef = 27BB995820C53577008252F1 /* ViewController.swift */; };
		27BB995C20C53577008252F1 /* Main.storyboard in Resources */ = {isa = PBXBuildFile; fileRef = 27BB995A20C53577008252F1 /* Main.storyboard */; };
		27BB995E20C5357A008252F1 /* Assets.xcassets in Resources */ = {isa = PBXBuildFile; fileRef = 27BB995D20C5357A008252F1 /* Assets.xcassets */; };
		27BB996120C5357A008252F1 /* LaunchScreen.storyboard in Resources */ = {isa = PBXBuildFile; fileRef = 27BB995F20C5357A008252F1 /* LaunchScreen.storyboard */; };
		27BB996C20C5357B008252F1 /* FlexStudyTests.swift in Sources */ = {isa = PBXBuildFile; fileRef = 27BB996B20C5357B008252F1 /* FlexStudyTests.swift */; };
		27BB997720C5357B008252F1 /* FlexStudyUITests.swift in Sources */ = {isa = PBXBuildFile; fileRef = 27BB997620C5357B008252F1 /* FlexStudyUITests.swift */; };
/* End PBXBuildFile section */

/* Begin PBXContainerItemProxy section */
		27BB996820C5357B008252F1 /* PBXContainerItemProxy */ = {
			isa = PBXContainerItemProxy;
			containerPortal = 27BB994B20C53577008252F1 /* Project object */;
			proxyType = 1;
			remoteGlobalIDString = 27BB995220C53577008252F1;
			remoteInfo = FlexStudy;
		};
		27BB997320C5357B008252F1 /* PBXContainerItemProxy */ = {
			isa = PBXContainerItemProxy;
			containerPortal = 27BB994B20C53577008252F1 /* Project object */;
			proxyType = 1;
			remoteGlobalIDString = 27BB995220C53577008252F1;
			remoteInfo = FlexStudy;
		};
/* End PBXContainerItemProxy section */

/* Begin PBXFileReference section */
		27BB995320C53577008252F1 /* FlexStudy.app */ = {isa = PBXFileReference; explicitFileType = wrapper.application; includeInIndex = 0; path = FlexStudy.app; sourceTree = BUILT_PRODUCTS_DIR; };
		27BB995620C53577008252F1 /* AppDelegate.swift */ = {isa = PBXFileReference; lastKnownFileType = sourcecode.swift; path = AppDelegate.swift; sourceTree = "<group>"; };
		27BB995820C53577008252F1 /* ViewController.swift */ = {isa = PBXFileReference; lastKnownFileType = sourcecode.swift; path = ViewController.swift; sourceTree = "<group>"; };
		27BB995B20C53577008252F1 /* Base */ = {isa = PBXFileReference; lastKnownFileType = file.storyboard; name = Base; path = Base.lproj/Main.storyboard; sourceTree = "<group>"; };
		27BB995D20C5357A008252F1 /* Assets.xcassets */ = {isa = PBXFileReference; lastKnownFileType = folder.assetcatalog; path = Assets.xcassets; sourceTree = "<group>"; };
		27BB996020C5357A008252F1 /* Base */ = {isa = PBXFileReference; lastKnownFileType = file.storyboard; name = Base; path = Base.lproj/LaunchScreen.storyboard; sourceTree = "<group>"; };
		27BB996220C5357A008252F1 /* Info.plist */ = {isa = PBXFileReference; lastKnownFileType = text.plist.xml; path = Info.plist; sourceTree = "<group>"; };
		27BB996720C5357B008252F1 /* FlexStudyTests.xctest */ = {isa = PBXFileReference; explicitFileType = wrapper.cfbundle; includeInIndex = 0; path = FlexStudyTests.xctest; sourceTree = BUILT_PRODUCTS_DIR; };
		27BB996B20C5357B008252F1 /* FlexStudyTests.swift */ = {isa = PBXFileReference; lastKnownFileType = sourcecode.swift; path = FlexStudyTests.swift; sourceTree = "<group>"; };
		27BB996D20C5357B008252F1 /* Info.plist */ = {isa = PBXFileReference; lastKnownFileType = text.plist.xml; path = Info.plist; sourceTree = "<group>"; };
		27BB997220C5357B008252F1 /* FlexStudyUITests.xctest */ = {isa = PBXFileReference; explicitFileType = wrapper.cfbundle; includeInIndex = 0; path = FlexStudyUITests.xctest; sourceTree = BUILT_PRODUCTS_DIR; };
		27BB997620C5357B008252F1 /* FlexStudyUITests.swift */ = {isa = PBXFileReference; lastKnownFileType = sourcecode.swift; path = FlexStudyUITests.swift; sourceTree = "<group>"; };
		27BB997820C5357B008252F1 /* Info.plist */ = {isa = PBXFileReference; lastKnownFileType = text.plist.xml; path = Info.plist; sourceTree = "<group>"; };
/* End PBXFileReference section */

/* Begin PBXFrameworksBuildPhase section */
		27BB995020C53577008252F1 /* Frameworks */ = {
			isa = PBXFrameworksBuildPhase;
			buildActionMask = 2147483647;
			files = (
			);
			runOnlyForDeploymentPostprocessing = 0;
		};
		27BB996420C5357B008252F1 /* Frameworks */ = {
			isa = PBXFrameworksBuildPhase;
			buildActionMask = 2147483647;
			files = (
			);
			runOnlyForDeploymentPostprocessing = 0;
		};
		27BB996F20C5357B008252F1 /* Frameworks */ = {
			isa = PBXFrameworksBuildPhase;
			buildActionMask = 2147483647;
			files = (
			);
			runOnlyForDeploymentPostprocessing = 0;
		};
/* End PBXFrameworksBuildPhase section */

/* Begin PBXGroup section */
		27BB994A20C53577008252F1 = {
			isa = PBXGroup;
			children = (
				27BB995520C53577008252F1 /* FlexStudy */,
				27BB996A20C5357B008252F1 /* FlexStudyTests */,
				27BB997520C5357B008252F1 /* FlexStudyUITests */,
				27BB995420C53577008252F1 /* Products */,
			);
			sourceTree = "<group>";
		};
		27BB995420C53577008252F1 /* Products */ = {
			isa = PBXGroup;
			children = (
				27BB995320C53577008252F1 /* FlexStudy.app */,
				27BB996720C5357B008252F1 /* FlexStudyTests.xctest */,
				27BB997220C5357B008252F1 /* FlexStudyUITests.xctest */,
			);
			name = Products;
			sourceTree = "<group>";
		};
		27BB995520C53577008252F1 /* FlexStudy */ = {
			isa = PBXGroup;
			children = (
				27BB995620C53577008252F1 /* AppDelegate.swift */,
				27BB995820C53577008252F1 /* ViewController.swift */,
				27BB995A20C53577008252F1 /* Main.storyboard */,
				27BB995D20C5357A008252F1 /* Assets.xcassets */,
				27BB995F20C5357A008252F1 /* LaunchScreen.storyboard */,
				27BB996220C5357A008252F1 /* Info.plist */,
			);
			path = FlexStudy;
			sourceTree = "<group>";
		};
		27BB996A20C5357B008252F1 /* FlexStudyTests */ = {
			isa = PBXGroup;
			children = (
				27BB996B20C5357B008252F1 /* FlexStudyTests.swift */,
				27BB996D20C5357B008252F1 /* Info.plist */,
			);
			path = FlexStudyTests;
			sourceTree = "<group>";
		};
		27BB997520C5357B008252F1 /* FlexStudyUITests */ = {
			isa = PBXGroup;
			children = (
				27BB997620C5357B008252F1 /* FlexStudyUITests.swift */,
				27BB997820C5357B008252F1 /* Info.plist */,
			);
			path = FlexStudyUITests;
			sourceTree = "<group>";
		};
/* End PBXGroup section */

/* Begin PBXNativeTarget section */
		27BB995220C53577008252F1 /* FlexStudy */ = {
			isa = PBXNativeTarget;
			buildConfigurationList = 27BB997B20C5357B008252F1 /* Build configuration list for PBXNativeTarget "FlexStudy" */;
			buildPhases = (
				27BB994F20C53577008252F1 /* Sources */,
				27BB995020C53577008252F1 /* Frameworks */,
				27BB995120C53577008252F1 /* Resources */,
			);
			buildRules = (
			);
			dependencies = (
			);
			name = FlexStudy;
			productName = FlexStudy;
			productReference = 27BB995320C53577008252F1 /* FlexStudy.app */;
			productType = "com.apple.product-type.application";
		};
		27BB996620C5357B008252F1 /* FlexStudyTests */ = {
			isa = PBXNativeTarget;
			buildConfigurationList = 27BB997E20C5357B008252F1 /* Build configuration list for PBXNativeTarget "FlexStudyTests" */;
			buildPhases = (
				27BB996320C5357B008252F1 /* Sources */,
				27BB996420C5357B008252F1 /* Frameworks */,
				27BB996520C5357B008252F1 /* Resources */,
			);
			buildRules = (
			);
			dependencies = (
				27BB996920C5357B008252F1 /* PBXTargetDependency */,
			);
			name = FlexStudyTests;
			productName = FlexStudyTests;
			productReference = 27BB996720C5357B008252F1 /* FlexStudyTests.xctest */;
			productType = "com.apple.product-type.bundle.unit-test";
		};
		27BB997120C5357B008252F1 /* FlexStudyUITests */ = {
			isa = PBXNativeTarget;
			buildConfigurationList = 27BB998120C5357B008252F1 /* Build configuration list for PBXNativeTarget "FlexStudyUITests" */;
			buildPhases = (
				27BB996E20C5357B008252F1 /* Sources */,
				27BB996F20C5357B008252F1 /* Frameworks */,
				27BB997020C5357B008252F1 /* Resources */,
			);
			buildRules = (
			);
			dependencies = (
				27BB997420C5357B008252F1 /* PBXTargetDependency */,
			);
			name = FlexStudyUITests;
			productName = FlexStudyUITests;
			productReference = 27BB997220C5357B008252F1 /* FlexStudyUITests.xctest */;
			productType = "com.apple.product-type.bundle.ui-testing";
		};
/* End PBXNativeTarget section */

/* Begin PBXProject section */
		27BB994B20C53577008252F1 /* Project object */ = {
			isa = PBXProject;
			attributes = {
				LastSwiftUpdateCheck = 0930;
				LastUpgradeCheck = 0930;
				ORGANIZATIONNAME = "Kiki van Rongen";
				TargetAttributes = {
					27BB995220C53577008252F1 = {
						CreatedOnToolsVersion = 9.3;
					};
					27BB996620C5357B008252F1 = {
						CreatedOnToolsVersion = 9.3;
						TestTargetID = 27BB995220C53577008252F1;
					};
					27BB997120C5357B008252F1 = {
						CreatedOnToolsVersion = 9.3;
						TestTargetID = 27BB995220C53577008252F1;
					};
				};
			};
			buildConfigurationList = 27BB994E20C53577008252F1 /* Build configuration list for PBXProject "FlexStudy" */;
			compatibilityVersion = "Xcode 9.3";
			developmentRegion = en;
			hasScannedForEncodings = 0;
			knownRegions = (
				en,
				Base,
			);
			mainGroup = 27BB994A20C53577008252F1;
			productRefGroup = 27BB995420C53577008252F1 /* Products */;
			projectDirPath = "";
			projectRoot = "";
			targets = (
				27BB995220C53577008252F1 /* FlexStudy */,
				27BB996620C5357B008252F1 /* FlexStudyTests */,
				27BB997120C5357B008252F1 /* FlexStudyUITests */,
			);
		};
/* End PBXProject section */

/* Begin PBXResourcesBuildPhase section */
		27BB995120C53577008252F1 /* Resources */ = {
			isa = PBXResourcesBuildPhase;
			buildActionMask = 2147483647;
			files = (
				27BB996120C5357A008252F1 /* LaunchScreen.storyboard in Resources */,
				27BB995E20C5357A008252F1 /* Assets.xcassets in Resources */,
				27BB995C20C53577008252F1 /* Main.storyboard in Resources */,
			);
			runOnlyForDeploymentPostprocessing = 0;
		};
		27BB996520C5357B008252F1 /* Resources */ = {
			isa = PBXResourcesBuildPhase;
			buildActionMask = 2147483647;
			files = (
			);
			runOnlyForDeploymentPostprocessing = 0;
		};
		27BB997020C5357B008252F1 /* Resources */ = {
			isa = PBXResourcesBuildPhase;
			buildActionMask = 2147483647;
			files = (
			);
			runOnlyForDeploymentPostprocessing = 0;
		};
/* End PBXResourcesBuildPhase section */

/* Begin PBXSourcesBuildPhase section */
		27BB994F20C53577008252F1 /* Sources */ = {
			isa = PBXSourcesBuildPhase;
			buildActionMask = 2147483647;
			files = (
				27BB995920C53577008252F1 /* ViewController.swift in Sources */,
				27BB995720C53577008252F1 /* AppDelegate.swift in Sources */,
			);
			runOnlyForDeploymentPostprocessing = 0;
		};
		27BB996320C5357B008252F1 /* Sources */ = {
			isa = PBXSourcesBuildPhase;
			buildActionMask = 2147483647;
			files = (
				27BB996C20C5357B008252F1 /* FlexStudyTests.swift in Sources */,
			);
			runOnlyForDeploymentPostprocessing = 0;
		};
		27BB996E20C5357B008252F1 /* Sources */ = {
			isa = PBXSourcesBuildPhase;
			buildActionMask = 2147483647;
			files = (
				27BB997720C5357B008252F1 /* FlexStudyUITests.swift in Sources */,
			);
			runOnlyForDeploymentPostprocessing = 0;
		};
/* End PBXSourcesBuildPhase section */

/* Begin PBXTargetDependency section */
		27BB996920C5357B008252F1 /* PBXTargetDependency */ = {
			isa = PBXTargetDependency;
			target = 27BB995220C53577008252F1 /* FlexStudy */;
			targetProxy = 27BB996820C5357B008252F1 /* PBXContainerItemProxy */;
		};
		27BB997420C5357B008252F1 /* PBXTargetDependency */ = {
			isa = PBXTargetDependency;
			target = 27BB995220C53577008252F1 /* FlexStudy */;
			targetProxy = 27BB997320C5357B008252F1 /* PBXContainerItemProxy */;
		};
/* End PBXTargetDependency section */

/* Begin PBXVariantGroup section */
		27BB995A20C53577008252F1 /* Main.storyboard */ = {
			isa = PBXVariantGroup;
			children = (
				27BB995B20C53577008252F1 /* Base */,
			);
			name = Main.storyboard;
			sourceTree = "<group>";
		};
		27BB995F20C5357A008252F1 /* LaunchScreen.storyboard */ = {
			isa = PBXVariantGroup;
			children = (
				27BB996020C5357A008252F1 /* Base */,
			);
			name = LaunchScreen.storyboard;
			sourceTree = "<group>";
		};
/* End PBXVariantGroup section */

/* Begin XCBuildConfiguration section */
		27BB997920C5357B008252F1 /* Debug */ = {
			isa = XCBuildConfiguration;
			buildSettings = {
				ALWAYS_SEARCH_USER_PATHS = NO;
				CLANG_ANALYZER_NONNULL = YES;
				CLANG_ANALYZER_NUMBER_OBJECT_CONVERSION = YES_AGGRESSIVE;
				CLANG_CXX_LANGUAGE_STANDARD = "gnu++14";
				CLANG_CXX_LIBRARY = "libc++";
				CLANG_ENABLE_MODULES = YES;
				CLANG_ENABLE_OBJC_ARC = YES;
				CLANG_ENABLE_OBJC_WEAK = YES;
				CLANG_WARN_BLOCK_CAPTURE_AUTORELEASING = YES;
				CLANG_WARN_BOOL_CONVERSION = YES;
				CLANG_WARN_COMMA = YES;
				CLANG_WARN_CONSTANT_CONVERSION = YES;
				CLANG_WARN_DEPRECATED_OBJC_IMPLEMENTATIONS = YES;
				CLANG_WARN_DIRECT_OBJC_ISA_USAGE = YES_ERROR;
				CLANG_WARN_DOCUMENTATION_COMMENTS = YES;
				CLANG_WARN_EMPTY_BODY = YES;
				CLANG_WARN_ENUM_CONVERSION = YES;
				CLANG_WARN_INFINITE_RECURSION = YES;
				CLANG_WARN_INT_CONVERSION = YES;
				CLANG_WARN_NON_LITERAL_NULL_CONVERSION = YES;
				CLANG_WARN_OBJC_IMPLICIT_RETAIN_SELF = YES;
				CLANG_WARN_OBJC_LITERAL_CONVERSION = YES;
				CLANG_WARN_OBJC_ROOT_CLASS = YES_ERROR;
				CLANG_WARN_RANGE_LOOP_ANALYSIS = YES;
				CLANG_WARN_STRICT_PROTOTYPES = YES;
				CLANG_WARN_SUSPICIOUS_MOVE = YES;
				CLANG_WARN_UNGUARDED_AVAILABILITY = YES_AGGRESSIVE;
				CLANG_WARN_UNREACHABLE_CODE = YES;
				CLANG_WARN__DUPLICATE_METHOD_MATCH = YES;
				CODE_SIGN_IDENTITY = "iPhone Developer";
				COPY_PHASE_STRIP = NO;
				DEBUG_INFORMATION_FORMAT = dwarf;
				ENABLE_STRICT_OBJC_MSGSEND = YES;
				ENABLE_TESTABILITY = YES;
				GCC_C_LANGUAGE_STANDARD = gnu11;
				GCC_DYNAMIC_NO_PIC = NO;
				GCC_NO_COMMON_BLOCKS = YES;
				GCC_OPTIMIZATION_LEVEL = 0;
				GCC_PREPROCESSOR_DEFINITIONS = (
					"DEBUG=1",
					"$(inherited)",
				);
				GCC_WARN_64_TO_32_BIT_CONVERSION = YES;
				GCC_WARN_ABOUT_RETURN_TYPE = YES_ERROR;
				GCC_WARN_UNDECLARED_SELECTOR = YES;
				GCC_WARN_UNINITIALIZED_AUTOS = YES_AGGRESSIVE;
				GCC_WARN_UNUSED_FUNCTION = YES;
				GCC_WARN_UNUSED_VARIABLE = YES;
				IPHONEOS_DEPLOYMENT_TARGET = 11.3;
				MTL_ENABLE_DEBUG_INFO = YES;
				ONLY_ACTIVE_ARCH = YES;
				SDKROOT = iphoneos;
				SWIFT_ACTIVE_COMPILATION_CONDITIONS = DEBUG;
				SWIFT_OPTIMIZATION_LEVEL = "-Onone";
			};
			name = Debug;
		};
		27BB997A20C5357B008252F1 /* Release */ = {
			isa = XCBuildConfiguration;
			buildSettings = {
				ALWAYS_SEARCH_USER_PATHS = NO;
				CLANG_ANALYZER_NONNULL = YES;
				CLANG_ANALYZER_NUMBER_OBJECT_CONVERSION = YES_AGGRESSIVE;
				CLANG_CXX_LANGUAGE_STANDARD = "gnu++14";
				CLANG_CXX_LIBRARY = "libc++";
				CLANG_ENABLE_MODULES = YES;
				CLANG_ENABLE_OBJC_ARC = YES;
				CLANG_ENABLE_OBJC_WEAK = YES;
				CLANG_WARN_BLOCK_CAPTURE_AUTORELEASING = YES;
				CLANG_WARN_BOOL_CONVERSION = YES;
				CLANG_WARN_COMMA = YES;
				CLANG_WARN_CONSTANT_CONVERSION = YES;
				CLANG_WARN_DEPRECATED_OBJC_IMPLEMENTATIONS = YES;
				CLANG_WARN_DIRECT_OBJC_ISA_USAGE = YES_ERROR;
				CLANG_WARN_DOCUMENTATION_COMMENTS = YES;
				CLANG_WARN_EMPTY_BODY = YES;
				CLANG_WARN_ENUM_CONVERSION = YES;
				CLANG_WARN_INFINITE_RECURSION = YES;
				CLANG_WARN_INT_CONVERSION = YES;
				CLANG_WARN_NON_LITERAL_NULL_CONVERSION = YES;
				CLANG_WARN_OBJC_IMPLICIT_RETAIN_SELF = YES;
				CLANG_WARN_OBJC_LITERAL_CONVERSION = YES;
				CLANG_WARN_OBJC_ROOT_CLASS = YES_ERROR;
				CLANG_WARN_RANGE_LOOP_ANALYSIS = YES;
				CLANG_WARN_STRICT_PROTOTYPES = YES;
				CLANG_WARN_SUSPICIOUS_MOVE = YES;
				CLANG_WARN_UNGUARDED_AVAILABILITY = YES_AGGRESSIVE;
				CLANG_WARN_UNREACHABLE_CODE = YES;
				CLANG_WARN__DUPLICATE_METHOD_MATCH = YES;
				CODE_SIGN_IDENTITY = "iPhone Developer";
				COPY_PHASE_STRIP = NO;
				DEBUG_INFORMATION_FORMAT = "dwarf-with-dsym";
				ENABLE_NS_ASSERTIONS = NO;
				ENABLE_STRICT_OBJC_MSGSEND = YES;
				GCC_C_LANGUAGE_STANDARD = gnu11;
				GCC_NO_COMMON_BLOCKS = YES;
				GCC_WARN_64_TO_32_BIT_CONVERSION = YES;
				GCC_WARN_ABOUT_RETURN_TYPE = YES_ERROR;
				GCC_WARN_UNDECLARED_SELECTOR = YES;
				GCC_WARN_UNINITIALIZED_AUTOS = YES_AGGRESSIVE;
				GCC_WARN_UNUSED_FUNCTION = YES;
				GCC_WARN_UNUSED_VARIABLE = YES;
				IPHONEOS_DEPLOYMENT_TARGET = 11.3;
				MTL_ENABLE_DEBUG_INFO = NO;
				SDKROOT = iphoneos;
				SWIFT_COMPILATION_MODE = wholemodule;
				SWIFT_OPTIMIZATION_LEVEL = "-O";
				VALIDATE_PRODUCT = YES;
			};
			name = Release;
		};
		27BB997C20C5357B008252F1 /* Debug */ = {
			isa = XCBuildConfiguration;
			buildSettings = {
				ASSETCATALOG_COMPILER_APPICON_NAME = AppIcon;
				CODE_SIGN_STYLE = Automatic;
				INFOPLIST_FILE = FlexStudy/Info.plist;
				LD_RUNPATH_SEARCH_PATHS = (
					"$(inherited)",
					"@executable_path/Frameworks",
				);
				PRODUCT_BUNDLE_IDENTIFIER = com.example.FlexStudy;
				PRODUCT_NAME = "$(TARGET_NAME)";
				SWIFT_VERSION = 4.0;
				TARGETED_DEVICE_FAMILY = "1,2";
			};
			name = Debug;
		};
		27BB997D20C5357B008252F1 /* Release */ = {
			isa = XCBuildConfiguration;
			buildSettings = {
				ASSETCATALOG_COMPILER_APPICON_NAME = AppIcon;
				CODE_SIGN_STYLE = Automatic;
				INFOPLIST_FILE = FlexStudy/Info.plist;
				LD_RUNPATH_SEARCH_PATHS = (
					"$(inherited)",
					"@executable_path/Frameworks",
				);
				PRODUCT_BUNDLE_IDENTIFIER = com.example.FlexStudy;
				PRODUCT_NAME = "$(TARGET_NAME)";
				SWIFT_VERSION = 4.0;
				TARGETED_DEVICE_FAMILY = "1,2";
			};
			name = Release;
		};
		27BB997F20C5357B008252F1 /* Debug */ = {
			isa = XCBuildConfiguration;
			buildSettings = {
				ALWAYS_EMBED_SWIFT_STANDARD_LIBRARIES = YES;
				BUNDLE_LOADER = "$(TEST_HOST)";
				CODE_SIGN_STYLE = Automatic;
				INFOPLIST_FILE = FlexStudyTests/Info.plist;
				LD_RUNPATH_SEARCH_PATHS = (
					"$(inherited)",
					"@executable_path/Frameworks",
					"@loader_path/Frameworks",
				);
				PRODUCT_BUNDLE_IDENTIFIER = com.example.FlexStudyTests;
				PRODUCT_NAME = "$(TARGET_NAME)";
				SWIFT_VERSION = 4.0;
				TARGETED_DEVICE_FAMILY = "1,2";
				TEST_HOST = "$(BUILT_PRODUCTS_DIR)/FlexStudy.app/FlexStudy";
			};
			name = Debug;
		};
		27BB998020C5357B008252F1 /* Release */ = {
			isa = XCBuildConfiguration;
			buildSettings = {
				ALWAYS_EMBED_SWIFT_STANDARD_LIBRARIES = YES;
				BUNDLE_LOADER = "$(TEST_HOST)";
				CODE_SIGN_STYLE = Automatic;
				INFOPLIST_FILE = FlexStudyTests/Info.plist;
				LD_RUNPATH_SEARCH_PATHS = (
					"$(inherited)",
					"@executable_path/Frameworks",
					"@loader_path/Frameworks",
				);
				PRODUCT_BUNDLE_IDENTIFIER = com.example.FlexStudyTests;
				PRODUCT_NAME = "$(TARGET_NAME)";
				SWIFT_VERSION = 4.0;
				TARGETED_DEVICE_FAMILY = "1,2";
				TEST_HOST = "$(BUILT_PRODUCTS_DIR)/FlexStudy.app/FlexStudy";
			};
			name = Release;
		};
		27BB998220C5357B008252F1 /* Debug */ = {
			isa = XCBuildConfiguration;
			buildSettings = {
				ALWAYS_EMBED_SWIFT_STANDARD_LIBRARIES = YES;
				CODE_SIGN_STYLE = Automatic;
				INFOPLIST_FILE = FlexStudyUITests/Info.plist;
				LD_RUNPATH_SEARCH_PATHS = (
					"$(inherited)",
					"@executable_path/Frameworks",
					"@loader_path/Frameworks",
				);
				PRODUCT_BUNDLE_IDENTIFIER = com.example.FlexStudyUITests;
				PRODUCT_NAME = "$(TARGET_NAME)";
				SWIFT_VERSION = 4.0;
				TARGETED_DEVICE_FAMILY = "1,2";
				TEST_TARGET_NAME = FlexStudy;
			};
			name = Debug;
		};
		27BB998320C5357B008252F1 /* Release */ = {
			isa = XCBuildConfiguration;
			buildSettings = {
				ALWAYS_EMBED_SWIFT_STANDARD_LIBRARIES = YES;
				CODE_SIGN_STYLE = Automatic;
				INFOPLIST_FILE = FlexStudyUITests/Info.plist;
				LD_RUNPATH_SEARCH_PATHS = (
					"$(inherited)",
					"@executable_path/Frameworks",
					"@loader_path/Frameworks",
				);
				PRODUCT_BUNDLE_IDENTIFIER = com.example.FlexStudyUITests;
				PRODUCT_NAME = "$(TARGET_NAME)";
				SWIFT_VERSION = 4.0;
				TARGETED_DEVICE_FAMILY = "1,2";
				TEST_TARGET_NAME = FlexStudy;
			};
			name = Release;
		};
/* End XCBuildConfiguration section */

/* Begin XCConfigurationList section */
		27BB994E20C53577008252F1 /* Build configuration list for PBXProject "FlexStudy" */ = {
			isa = XCConfigurationList;
			buildConfigurations = (
				27BB997920C5357B008252F1 /* Debug */,
				27BB997A20C5357B008252F1 /* Release */,
			);
			defaultConfigurationIsVisible = 0;
			defaultConfigurationName = Release;
		};
		27BB997B20C5357B008252F1 /* Build configuration list for PBXNativeTarget "FlexStudy" */ = {
			isa = XCConfigurationList;
			buildConfigurations = (
				27BB997C20C5357B008252F1 /* Debug */,
				27BB997D20C5357B008252F1 /* Release */,
			);
			defaultConfigurationIsVisible = 0;
			defaultConfigurationName = Release;
		};
		27BB997E20C5357B008252F1 /* Build configuration list for PBXNativeTarget "FlexStudyTests" */ = {
			isa = XCConfigurationList;
			buildConfigurations = (
				27BB997F20C5357B008252F1 /* Debug */,
				27BB998020C5357B008252F1 /* Release */,
			);
			defaultConfigurationIsVisible = 0;
			defaultConfigurationName = Release;
		};
		27BB998120C5357B008252F1 /* Build configuration list for PBXNativeTarget "FlexStudyUITests" */ = {
			isa = XCConfigurationList;
			buildConfigurations = (
				27BB998220C5357B008252F1 /* Debug */,
				27BB998320C5357B008252F1 /* Release */,
			);
			defaultConfigurationIsVisible = 0;
			defaultConfigurationName = Release;
		};
/* End XCConfigurationList section */
	};
	rootObject = 27BB994B20C53577008252F1 /* Project object */;
}
